
Microsoft Visual Studio Solution File, Format Version 12.00
# Visual Studio Version 17
VisualStudioVersion = 17.1.32210.238
MinimumVisualStudioVersion = 10.0.40219.1
Project("{FAE04EC0-301F-11D3-BF4B-00C04F79EFBC}") = "WebAppExample", "WebAppExample\WebAppExample.csproj", "{E8A32936-11FB-4359-8F03-9AF0635C8B50}"
EndProject
Project("{FAE04EC0-301F-11D3-BF4B-00C04F79EFBC}") = "DevADONETProject", "DevADONETProject\DevADONETProject.csproj", "{EB4FEE4B-D16B-4789-B945-7206CD3FBC56}"
EndProject
Project("{FAE04EC0-301F-11D3-BF4B-00C04F79EFBC}") = "DapperDBProject", "DapperDBProject\DapperDBProject.csproj", "{911BBFCC-A503-4148-A23B-D1019F941CFE}"
EndProject
Project("{00D1A9C2-B5F0-4AF3-8072-F6C62B433612}") = "DevDatabase", "DevDatabase\DevDatabase.sqlproj", "{970FB020-45D2-4908-893B-8FB3F5A75BEA}"
EndProject
Project("{FAE04EC0-301F-11D3-BF4B-00C04F79EFBC}") = "DevUser", "DevUser\DevUser.csproj", "{BF0354FD-8E2B-4C52-8899-764592E8D452}"
EndProject
Project("{FAE04EC0-301F-11D3-BF4B-00C04F79EFBC}") = "DevUserReview", "DevUserReview\DevUserReview.csproj", "{06364CBF-4BB0-4E12-A398-4BE6431010A5}"
EndProject
Project("{FAE04EC0-301F-11D3-BF4B-00C04F79EFBC}") = "Dul", "Dul\Dul.csproj", "{F2DFD496-D763-40E2-9A8A-83596D9515ED}"
EndProject
Global
	GlobalSection(SolutionConfigurationPlatforms) = preSolution
		Debug|Any CPU = Debug|Any CPU
		Release|Any CPU = Release|Any CPU
	EndGlobalSection
	GlobalSection(ProjectConfigurationPlatforms) = postSolution
		{E8A32936-11FB-4359-8F03-9AF0635C8B50}.Debug|Any CPU.ActiveCfg = Debug|Any CPU
		{E8A32936-11FB-4359-8F03-9AF0635C8B50}.Debug|Any CPU.Build.0 = Debug|Any CPU
		{E8A32936-11FB-4359-8F03-9AF0635C8B50}.Release|Any CPU.ActiveCfg = Release|Any CPU
		{E8A32936-11FB-4359-8F03-9AF0635C8B50}.Release|Any CPU.Build.0 = Release|Any CPU
		{EB4FEE4B-D16B-4789-B945-7206CD3FBC56}.Debug|Any CPU.ActiveCfg = Debug|Any CPU
		{EB4FEE4B-D16B-4789-B945-7206CD3FBC56}.Debug|Any CPU.Build.0 = Debug|Any CPU
		{EB4FEE4B-D16B-4789-B945-7206CD3FBC56}.Release|Any CPU.ActiveCfg = Release|Any CPU
		{EB4FEE4B-D16B-4789-B945-7206CD3FBC56}.Release|Any CPU.Build.0 = Release|Any CPU
		{911BBFCC-A503-4148-A23B-D1019F941CFE}.Debug|Any CPU.ActiveCfg = Debug|Any CPU
		{911BBFCC-A503-4148-A23B-D1019F941CFE}.Debug|Any CPU.Build.0 = Debug|Any CPU
		{911BBFCC-A503-4148-A23B-D1019F941CFE}.Release|Any CPU.ActiveCfg = Release|Any CPU
		{911BBFCC-A503-4148-A23B-D1019F941CFE}.Release|Any CPU.Build.0 = Release|Any CPU
		{970FB020-45D2-4908-893B-8FB3F5A75BEA}.Debug|Any CPU.ActiveCfg = Debug|Any CPU
		{970FB020-45D2-4908-893B-8FB3F5A75BEA}.Debug|Any CPU.Build.0 = Debug|Any CPU
		{970FB020-45D2-4908-893B-8FB3F5A75BEA}.Debug|Any CPU.Deploy.0 = Debug|Any CPU
		{970FB020-45D2-4908-893B-8FB3F5A75BEA}.Release|Any CPU.ActiveCfg = Release|Any CPU
		{970FB020-45D2-4908-893B-8FB3F5A75BEA}.Release|Any CPU.Build.0 = Release|Any CPU
		{970FB020-45D2-4908-893B-8FB3F5A75BEA}.Release|Any CPU.Deploy.0 = Release|Any CPU
		{BF0354FD-8E2B-4C52-8899-764592E8D452}.Debug|Any CPU.ActiveCfg = Debug|Any CPU
		{BF0354FD-8E2B-4C52-8899-764592E8D452}.Debug|Any CPU.Build.0 = Debug|Any CPU
		{BF0354FD-8E2B-4C52-8899-764592E8D452}.Release|Any CPU.ActiveCfg = Release|Any CPU
		{BF0354FD-8E2B-4C52-8899-764592E8D452}.Release|Any CPU.Build.0 = Release|Any CPU
		{06364CBF-4BB0-4E12-A398-4BE6431010A5}.Debug|Any CPU.ActiveCfg = Debug|Any CPU
		{06364CBF-4BB0-4E12-A398-4BE6431010A5}.Debug|Any CPU.Build.0 = Debug|Any CPU
		{06364CBF-4BB0-4E12-A398-4BE6431010A5}.Release|Any CPU.ActiveCfg = Release|Any CPU
		{06364CBF-4BB0-4E12-A398-4BE6431010A5}.Release|Any CPU.Build.0 = Release|Any CPU
		{F2DFD496-D763-40E2-9A8A-83596D9515ED}.Debug|Any CPU.ActiveCfg = Debug|Any CPU
		{F2DFD496-D763-40E2-9A8A-83596D9515ED}.Debug|Any CPU.Build.0 = Debug|Any CPU
		{F2DFD496-D763-40E2-9A8A-83596D9515ED}.Release|Any CPU.ActiveCfg = Release|Any CPU
		{F2DFD496-D763-40E2-9A8A-83596D9515ED}.Release|Any CPU.Build.0 = Release|Any CPU
	EndGlobalSection
	GlobalSection(SolutionProperties) = preSolution
		HideSolutionNode = FALSE
	EndGlobalSection
	GlobalSection(ExtensibilityGlobals) = postSolution
		SolutionGuid = {96DE44E1-25DC-4FBA-935E-A1CD54655BC7}
	EndGlobalSection
EndGlobal
